
Microsoft Visual Studio Solution File, Format Version 12.00
# Visual Studio Version 17
VisualStudioVersion = 17.3.32819.101
MinimumVisualStudioVersion = 10.0.40219.1
Project("{FAE04EC0-301F-11D3-BF4B-00C04F79EFBC}") = "ModLoader", "ModLoader\ModLoader.csproj", "{86F3F362-A736-4586-A131-C42040074EBB}"
EndProject
Global
	GlobalSection(SolutionConfigurationPlatforms) = preSolution
		Debug|Any CPU = Debug|Any CPU
		Release|Any CPU = Release|Any CPU
	EndGlobalSection
	GlobalSection(ProjectConfigurationPlatforms) = postSolution
		{86F3F362-A736-4586-A131-C42040074EBB}.Debug|Any CPU.ActiveCfg = Debug|Any CPU
		{86F3F362-A736-4586-A131-C42040074EBB}.Debug|Any CPU.Build.0 = Debug|Any CPU
		{86F3F362-A736-4586-A131-C42040074EBB}.Release|Any CPU.ActiveCfg = Release|Any CPU
		{86F3F362-A736-4586-A131-C42040074EBB}.Release|Any CPU.Build.0 = Release|Any CPU
	EndGlobalSection
	GlobalSection(SolutionProperties) = preSolution
		HideSolutionNode = FALSE
	EndGlobalSection
	GlobalSection(ExtensibilityGlobals) = postSolution
		SolutionGuid = {36DDFF53-0525-41A8-8893-D0BDA99F995D}
	EndGlobalSection
EndGlobal
