
Microsoft Visual Studio Solution File, Format Version 12.00
# Visual Studio Version 17
VisualStudioVersion = 17.3.32819.101
MinimumVisualStudioVersion = 10.0.40219.1
Project("{9A19103F-16F7-4668-BE54-9A1E7A4F7556}") = "ModLoader.Parser", "ModLoader.Parser\ModLoader.Parser.csproj", "{6CFB1446-1ADD-4B0E-9E83-86D67B1FA7E5}"
EndProject
Project("{9A19103F-16F7-4668-BE54-9A1E7A4F7556}") = "ModLoader.DataAccess", "ModLoader.DataAccess\ModLoader.DataAccess.csproj", "{8BB5C3C2-8FAB-4377-BCB2-FB2AF3EC3EA8}"
EndProject
Project("{9A19103F-16F7-4668-BE54-9A1E7A4F7556}") = "ModLoader.Model", "ModLoader.Model\ModLoader.Model.csproj", "{ADA61546-0F95-4129-8D31-15864C79A91B}"
EndProject
Project("{FAE04EC0-301F-11D3-BF4B-00C04F79EFBC}") = "ModLoader.UI", "ModLoader.UI\ModLoader.UI.csproj", "{C90452E0-B1E0-4EB2-A3DA-85720CCE2305}"
EndProject
Global
	GlobalSection(SolutionConfigurationPlatforms) = preSolution
		Debug|Any CPU = Debug|Any CPU
		Release|Any CPU = Release|Any CPU
	EndGlobalSection
	GlobalSection(ProjectConfigurationPlatforms) = postSolution
		{6CFB1446-1ADD-4B0E-9E83-86D67B1FA7E5}.Debug|Any CPU.ActiveCfg = Debug|Any CPU
		{6CFB1446-1ADD-4B0E-9E83-86D67B1FA7E5}.Debug|Any CPU.Build.0 = Debug|Any CPU
		{6CFB1446-1ADD-4B0E-9E83-86D67B1FA7E5}.Release|Any CPU.ActiveCfg = Release|Any CPU
		{6CFB1446-1ADD-4B0E-9E83-86D67B1FA7E5}.Release|Any CPU.Build.0 = Release|Any CPU
		{8BB5C3C2-8FAB-4377-BCB2-FB2AF3EC3EA8}.Debug|Any CPU.ActiveCfg = Debug|Any CPU
		{8BB5C3C2-8FAB-4377-BCB2-FB2AF3EC3EA8}.Debug|Any CPU.Build.0 = Debug|Any CPU
		{8BB5C3C2-8FAB-4377-BCB2-FB2AF3EC3EA8}.Release|Any CPU.ActiveCfg = Release|Any CPU
		{8BB5C3C2-8FAB-4377-BCB2-FB2AF3EC3EA8}.Release|Any CPU.Build.0 = Release|Any CPU
		{ADA61546-0F95-4129-8D31-15864C79A91B}.Debug|Any CPU.ActiveCfg = Debug|Any CPU
		{ADA61546-0F95-4129-8D31-15864C79A91B}.Debug|Any CPU.Build.0 = Debug|Any CPU
		{ADA61546-0F95-4129-8D31-15864C79A91B}.Release|Any CPU.ActiveCfg = Release|Any CPU
		{ADA61546-0F95-4129-8D31-15864C79A91B}.Release|Any CPU.Build.0 = Release|Any CPU
		{C90452E0-B1E0-4EB2-A3DA-85720CCE2305}.Debug|Any CPU.ActiveCfg = Debug|Any CPU
		{C90452E0-B1E0-4EB2-A3DA-85720CCE2305}.Debug|Any CPU.Build.0 = Debug|Any CPU
		{C90452E0-B1E0-4EB2-A3DA-85720CCE2305}.Release|Any CPU.ActiveCfg = Release|Any CPU
		{C90452E0-B1E0-4EB2-A3DA-85720CCE2305}.Release|Any CPU.Build.0 = Release|Any CPU
	EndGlobalSection
	GlobalSection(SolutionProperties) = preSolution
		HideSolutionNode = FALSE
	EndGlobalSection
	GlobalSection(ExtensibilityGlobals) = postSolution
		SolutionGuid = {36DDFF53-0525-41A8-8893-D0BDA99F995D}
	EndGlobalSection
EndGlobal
